
Microsoft Visual Studio Solution File, Format Version 12.00
# Visual Studio Version 16
Project("{8BC9CEB8-8B4A-11D0-8D11-00A0C91BC942}") = "ALL_BUILD", "ALL_BUILD.vcxproj", "{800384F4-C322-3C8D-B587-FF114A437751}"
	ProjectSection(ProjectDependencies) = postProject
		{583CE3AC-36AA-38C2-AC18-49FD56F8D962} = {583CE3AC-36AA-38C2-AC18-49FD56F8D962}
		{5D5567BB-78E7-3A9C-9918-D9A6C4DD4D94} = {5D5567BB-78E7-3A9C-9918-D9A6C4DD4D94}
	EndProjectSection
EndProject
Project("{8BC9CEB8-8B4A-11D0-8D11-00A0C91BC942}") = "LU_Decomp", "LU_Decomp.vcxproj", "{583CE3AC-36AA-38C2-AC18-49FD56F8D962}"
	ProjectSection(ProjectDependencies) = postProject
		{5D5567BB-78E7-3A9C-9918-D9A6C4DD4D94} = {5D5567BB-78E7-3A9C-9918-D9A6C4DD4D94}
	EndProjectSection
EndProject
Project("{8BC9CEB8-8B4A-11D0-8D11-00A0C91BC942}") = "ZERO_CHECK", "ZERO_CHECK.vcxproj", "{5D5567BB-78E7-3A9C-9918-D9A6C4DD4D94}"
	ProjectSection(ProjectDependencies) = postProject
	EndProjectSection
EndProject
Global
	GlobalSection(SolutionConfigurationPlatforms) = preSolution
		Debug|x64 = Debug|x64
		Release|x64 = Release|x64
		MinSizeRel|x64 = MinSizeRel|x64
		RelWithDebInfo|x64 = RelWithDebInfo|x64
	EndGlobalSection
	GlobalSection(ProjectConfigurationPlatforms) = postSolution
		{800384F4-C322-3C8D-B587-FF114A437751}.Debug|x64.ActiveCfg = Debug|x64
		{800384F4-C322-3C8D-B587-FF114A437751}.Release|x64.ActiveCfg = Release|x64
		{800384F4-C322-3C8D-B587-FF114A437751}.MinSizeRel|x64.ActiveCfg = MinSizeRel|x64
		{800384F4-C322-3C8D-B587-FF114A437751}.RelWithDebInfo|x64.ActiveCfg = RelWithDebInfo|x64
		{583CE3AC-36AA-38C2-AC18-49FD56F8D962}.Debug|x64.ActiveCfg = Debug|x64
		{583CE3AC-36AA-38C2-AC18-49FD56F8D962}.Debug|x64.Build.0 = Debug|x64
		{583CE3AC-36AA-38C2-AC18-49FD56F8D962}.Release|x64.ActiveCfg = Release|x64
		{583CE3AC-36AA-38C2-AC18-49FD56F8D962}.Release|x64.Build.0 = Release|x64
		{583CE3AC-36AA-38C2-AC18-49FD56F8D962}.MinSizeRel|x64.ActiveCfg = MinSizeRel|x64
		{583CE3AC-36AA-38C2-AC18-49FD56F8D962}.MinSizeRel|x64.Build.0 = MinSizeRel|x64
		{583CE3AC-36AA-38C2-AC18-49FD56F8D962}.RelWithDebInfo|x64.ActiveCfg = RelWithDebInfo|x64
		{583CE3AC-36AA-38C2-AC18-49FD56F8D962}.RelWithDebInfo|x64.Build.0 = RelWithDebInfo|x64
		{5D5567BB-78E7-3A9C-9918-D9A6C4DD4D94}.Debug|x64.ActiveCfg = Debug|x64
		{5D5567BB-78E7-3A9C-9918-D9A6C4DD4D94}.Debug|x64.Build.0 = Debug|x64
		{5D5567BB-78E7-3A9C-9918-D9A6C4DD4D94}.Release|x64.ActiveCfg = Release|x64
		{5D5567BB-78E7-3A9C-9918-D9A6C4DD4D94}.Release|x64.Build.0 = Release|x64
		{5D5567BB-78E7-3A9C-9918-D9A6C4DD4D94}.MinSizeRel|x64.ActiveCfg = MinSizeRel|x64
		{5D5567BB-78E7-3A9C-9918-D9A6C4DD4D94}.MinSizeRel|x64.Build.0 = MinSizeRel|x64
		{5D5567BB-78E7-3A9C-9918-D9A6C4DD4D94}.RelWithDebInfo|x64.ActiveCfg = RelWithDebInfo|x64
		{5D5567BB-78E7-3A9C-9918-D9A6C4DD4D94}.RelWithDebInfo|x64.Build.0 = RelWithDebInfo|x64
	EndGlobalSection
	GlobalSection(ExtensibilityGlobals) = postSolution
		SolutionGuid = {CABC5574-2352-3634-ADD0-CFEA9CEA2E35}
	EndGlobalSection
	GlobalSection(ExtensibilityAddIns) = postSolution
	EndGlobalSection
EndGlobal
