<?xml version="1.0" encoding="utf-8"?>
<Project ToolsVersion="16.0" xmlns="http://schemas.microsoft.com/developer/msbuild/2003">
  <ItemGroup>
    <CustomBuild Include="D:\SULESZ\E\Köszi\LU\CMakeFiles\0de1f1de77df743098e38578b5698dd2\generate.stamp.rule">
      <Filter>CMake Rules</Filter>
    </CustomBuild>
  </ItemGroup>
  <ItemGroup>
    <Filter Include="CMake Rules">
      <UniqueIdentifier>{7606307B-3396-3274-88DF-B392AAE05579}</UniqueIdentifier>
    </Filter>
  </ItemGroup>
</Project>
